{
  "originHash" : "2c1425c4aabcb5e2568e9cce1666ed0d0664a262fa137df84f6b2e9bb16e821d",
  "pins" : [
    {
      "identity" : "dictionarykit",
      "kind" : "remoteSourceControl",
      "location" : "https://github.com/jakeoeding/DictionaryKit.git",
      "state" : {
        "revision" : "448915c89029aa8c42944d57fbc5da52928a82e4"
      }
    },
    {
      "identity" : "swift-argument-parser",
      "kind" : "remoteSourceControl",
      "location" : "https://github.com/apple/swift-argument-parser.git",
      "state" : {
        "revision" : "c5d11a805e765f52ba34ec7284bd4fcd6ba68615",
        "version" : "1.7.0"
      }
    }
  ],
  "version" : 3
}
