{
  "originHash" : "6de55d100a96ca94f3a2801c43e21ec518bb7e888b4bb7e56a56535d8ac09469",
  "pins" : [
    {
      "identity" : "dictionarykit",
      "kind" : "remoteSourceControl",
      "location" : "https://github.com/jakeoeding/DictionaryKit.git",
      "state" : {
        "revision" : "14440f493bcb1717b5947619c627c9f172618867"
      }
    },
    {
      "identity" : "swift-argument-parser",
      "kind" : "remoteSourceControl",
      "location" : "https://github.com/apple/swift-argument-parser.git",
      "state" : {
        "revision" : "c5d11a805e765f52ba34ec7284bd4fcd6ba68615",
        "version" : "1.7.0"
      }
    }
  ],
  "version" : 3
}
